
Microsoft Visual Studio Solution File, Format Version 12.00
# Visual Studio Version 17
VisualStudioVersion = 17.8.34330.188
MinimumVisualStudioVersion = 10.0.40219.1
Project("{FAE04EC0-301F-11D3-BF4B-00C04F79EFBC}") = "RedisCacheConnectionApp", "RedisCacheConnectionApp\RedisCacheConnectionApp.csproj", "{B943E31A-5A02-4602-8DCE-694F48300FB0}"
EndProject
Global
	GlobalSection(SolutionConfigurationPlatforms) = preSolution
		Debug|Any CPU = Debug|Any CPU
		Release|Any CPU = Release|Any CPU
	EndGlobalSection
	GlobalSection(ProjectConfigurationPlatforms) = postSolution
		{B943E31A-5A02-4602-8DCE-694F48300FB0}.Debug|Any CPU.ActiveCfg = Debug|Any CPU
		{B943E31A-5A02-4602-8DCE-694F48300FB0}.Debug|Any CPU.Build.0 = Debug|Any CPU
		{B943E31A-5A02-4602-8DCE-694F48300FB0}.Release|Any CPU.ActiveCfg = Release|Any CPU
		{B943E31A-5A02-4602-8DCE-694F48300FB0}.Release|Any CPU.Build.0 = Release|Any CPU
	EndGlobalSection
	GlobalSection(SolutionProperties) = preSolution
		HideSolutionNode = FALSE
	EndGlobalSection
	GlobalSection(ExtensibilityGlobals) = postSolution
		SolutionGuid = {90FA669E-DF11-4D45-9978-F8947F045AC5}
	EndGlobalSection
EndGlobal
