
Microsoft Visual Studio Solution File, Format Version 12.00
# Visual Studio Version 17
VisualStudioVersion = 17.8.34330.188
MinimumVisualStudioVersion = 10.0.40219.1
Project("{FAE04EC0-301F-11D3-BF4B-00C04F79EFBC}") = "ImageUploadAzureStoreApp", "ImageUploadAzureStoreApp\ImageUploadAzureStoreApp.csproj", "{EA31825C-E322-4BB2-9EF0-2EEF30253E52}"
EndProject
Global
	GlobalSection(SolutionConfigurationPlatforms) = preSolution
		Debug|Any CPU = Debug|Any CPU
		Release|Any CPU = Release|Any CPU
	EndGlobalSection
	GlobalSection(ProjectConfigurationPlatforms) = postSolution
		{EA31825C-E322-4BB2-9EF0-2EEF30253E52}.Debug|Any CPU.ActiveCfg = Debug|Any CPU
		{EA31825C-E322-4BB2-9EF0-2EEF30253E52}.Debug|Any CPU.Build.0 = Debug|Any CPU
		{EA31825C-E322-4BB2-9EF0-2EEF30253E52}.Release|Any CPU.ActiveCfg = Release|Any CPU
		{EA31825C-E322-4BB2-9EF0-2EEF30253E52}.Release|Any CPU.Build.0 = Release|Any CPU
	EndGlobalSection
	GlobalSection(SolutionProperties) = preSolution
		HideSolutionNode = FALSE
	EndGlobalSection
	GlobalSection(ExtensibilityGlobals) = postSolution
		SolutionGuid = {38D28757-64F4-4C61-B274-268C5D9A298F}
	EndGlobalSection
EndGlobal
