
Microsoft Visual Studio Solution File, Format Version 12.00
# Visual Studio Version 17
VisualStudioVersion = 17.8.34330.188
MinimumVisualStudioVersion = 10.0.40219.1
Project("{FAE04EC0-301F-11D3-BF4B-00C04F79EFBC}") = "EvenHubPublisher", "EvenHubPublisher\EvenHubPublisher.csproj", "{89662B7F-992E-49CC-9D54-C67509628AE0}"
EndProject
Project("{FAE04EC0-301F-11D3-BF4B-00C04F79EFBC}") = "ConsumerA", "ConsumerA\ConsumerA.csproj", "{5E670A31-4724-4C9E-8055-05985BCA7C4F}"
EndProject
Project("{FAE04EC0-301F-11D3-BF4B-00C04F79EFBC}") = "ConsumerB", "ConsumerB\ConsumerB.csproj", "{D0A4830C-D55E-4CE9-8F3D-6940BD651362}"
EndProject
Global
	GlobalSection(SolutionConfigurationPlatforms) = preSolution
		Debug|Any CPU = Debug|Any CPU
		Release|Any CPU = Release|Any CPU
	EndGlobalSection
	GlobalSection(ProjectConfigurationPlatforms) = postSolution
		{89662B7F-992E-49CC-9D54-C67509628AE0}.Debug|Any CPU.ActiveCfg = Debug|Any CPU
		{89662B7F-992E-49CC-9D54-C67509628AE0}.Debug|Any CPU.Build.0 = Debug|Any CPU
		{89662B7F-992E-49CC-9D54-C67509628AE0}.Release|Any CPU.ActiveCfg = Release|Any CPU
		{89662B7F-992E-49CC-9D54-C67509628AE0}.Release|Any CPU.Build.0 = Release|Any CPU
		{5E670A31-4724-4C9E-8055-05985BCA7C4F}.Debug|Any CPU.ActiveCfg = Debug|Any CPU
		{5E670A31-4724-4C9E-8055-05985BCA7C4F}.Debug|Any CPU.Build.0 = Debug|Any CPU
		{5E670A31-4724-4C9E-8055-05985BCA7C4F}.Release|Any CPU.ActiveCfg = Release|Any CPU
		{5E670A31-4724-4C9E-8055-05985BCA7C4F}.Release|Any CPU.Build.0 = Release|Any CPU
		{D0A4830C-D55E-4CE9-8F3D-6940BD651362}.Debug|Any CPU.ActiveCfg = Debug|Any CPU
		{D0A4830C-D55E-4CE9-8F3D-6940BD651362}.Debug|Any CPU.Build.0 = Debug|Any CPU
		{D0A4830C-D55E-4CE9-8F3D-6940BD651362}.Release|Any CPU.ActiveCfg = Release|Any CPU
		{D0A4830C-D55E-4CE9-8F3D-6940BD651362}.Release|Any CPU.Build.0 = Release|Any CPU
	EndGlobalSection
	GlobalSection(SolutionProperties) = preSolution
		HideSolutionNode = FALSE
	EndGlobalSection
	GlobalSection(ExtensibilityGlobals) = postSolution
		SolutionGuid = {026A3EFC-D029-4131-913E-7E3F74EBD995}
	EndGlobalSection
EndGlobal
