
Microsoft Visual Studio Solution File, Format Version 12.00
# Visual Studio Version 17
VisualStudioVersion = 17.8.34330.188
MinimumVisualStudioVersion = 10.0.40219.1
Project("{FAE04EC0-301F-11D3-BF4B-00C04F79EFBC}") = "MVCSQLApp", "MVCSQLApp\MVCSQLApp.csproj", "{1E450699-956C-4C2A-B11C-8271E951BEF2}"
EndProject
Global
	GlobalSection(SolutionConfigurationPlatforms) = preSolution
		Debug|Any CPU = Debug|Any CPU
		Release|Any CPU = Release|Any CPU
	EndGlobalSection
	GlobalSection(ProjectConfigurationPlatforms) = postSolution
		{1E450699-956C-4C2A-B11C-8271E951BEF2}.Debug|Any CPU.ActiveCfg = Debug|Any CPU
		{1E450699-956C-4C2A-B11C-8271E951BEF2}.Debug|Any CPU.Build.0 = Debug|Any CPU
		{1E450699-956C-4C2A-B11C-8271E951BEF2}.Release|Any CPU.ActiveCfg = Release|Any CPU
		{1E450699-956C-4C2A-B11C-8271E951BEF2}.Release|Any CPU.Build.0 = Release|Any CPU
	EndGlobalSection
	GlobalSection(SolutionProperties) = preSolution
		HideSolutionNode = FALSE
	EndGlobalSection
	GlobalSection(ExtensibilityGlobals) = postSolution
		SolutionGuid = {5AE6C1D1-06A7-41BE-A86B-9D4EAD3C313F}
	EndGlobalSection
EndGlobal
