
Microsoft Visual Studio Solution File, Format Version 12.00
# Visual Studio Version 17
VisualStudioVersion = 17.8.34330.188
MinimumVisualStudioVersion = 10.0.40219.1
Project("{FAE04EC0-301F-11D3-BF4B-00C04F79EFBC}") = "TopicSenderConsoleApp", "TopicSenderConsoleApp\TopicSenderConsoleApp.csproj", "{87E9A6FA-152B-4BF0-8536-00C98077D4BE}"
EndProject
Global
	GlobalSection(SolutionConfigurationPlatforms) = preSolution
		Debug|Any CPU = Debug|Any CPU
		Release|Any CPU = Release|Any CPU
	EndGlobalSection
	GlobalSection(ProjectConfigurationPlatforms) = postSolution
		{87E9A6FA-152B-4BF0-8536-00C98077D4BE}.Debug|Any CPU.ActiveCfg = Debug|Any CPU
		{87E9A6FA-152B-4BF0-8536-00C98077D4BE}.Debug|Any CPU.Build.0 = Debug|Any CPU
		{87E9A6FA-152B-4BF0-8536-00C98077D4BE}.Release|Any CPU.ActiveCfg = Release|Any CPU
		{87E9A6FA-152B-4BF0-8536-00C98077D4BE}.Release|Any CPU.Build.0 = Release|Any CPU
	EndGlobalSection
	GlobalSection(SolutionProperties) = preSolution
		HideSolutionNode = FALSE
	EndGlobalSection
	GlobalSection(ExtensibilityGlobals) = postSolution
		SolutionGuid = {F0381088-23DE-47D6-AD89-B259001E8033}
	EndGlobalSection
EndGlobal
